<Solution>
  <Project Path="PasswordManager.API/PasswordManager.API.csproj" />
  <Project Path="PasswordManager.Application/PasswordManager.Application.csproj" />
  <Project Path="PasswordManager.Domain/PasswordManager.Domain.csproj" />
  <Project Path="PasswordManager.Infrastructure/PasswordManager.Infrastructure.csproj" />
</Solution>
